
Microsoft Visual Studio Solution File, Format Version 12.00
# Visual Studio Version 16
VisualStudioVersion = 16.0.30320.27
MinimumVisualStudioVersion = 15.0.26124.0
Project("{2150E333-8FDC-42A3-9474-1A3956D46DE8}") = "src", "src", "{43F0E48D-F53C-4289-921F-53739FFAA9E6}"
EndProject
Project("{9A19103F-16F7-4668-BE54-9A1E7A4F7556}") = "Neutron.Web", "src\Neutron.Web\Neutron.Web.csproj", "{1C397640-3598-4AC3-B3F7-41CD7C2C0E13}"
EndProject
Project("{2150E333-8FDC-42A3-9474-1A3956D46DE8}") = "Solution Items", "Solution Items", "{FE5FEBF7-EEB1-4145-BCF9-16E90EE67235}"
	ProjectSection(SolutionItems) = preProject
		.editorconfig = .editorconfig
		.gitignore = .gitignore
		README.md = README.md
	EndProjectSection
EndProject
Project("{FAE04EC0-301F-11D3-BF4B-00C04F79EFBC}") = "Neutron.Core", "src\Neutron.Core\Neutron.Core.csproj", "{72EF396E-C702-4A2B-B6AD-AC2A4FD0ABCF}"
EndProject
Project("{FAE04EC0-301F-11D3-BF4B-00C04F79EFBC}") = "Neutron.Application", "src\Neutron.Application\Neutron.Application.csproj", "{E0561A82-31FB-4D6F-9708-FFBF05E5BA5B}"
EndProject
Project("{2150E333-8FDC-42A3-9474-1A3956D46DE8}") = "test", "test", "{9C24A965-3DFD-45D7-B6A8-4FB4795F93F3}"
EndProject
Project("{FAE04EC0-301F-11D3-BF4B-00C04F79EFBC}") = "Neutron.Test", "test\Neutron.Test\Neutron.Test.csproj", "{A493BB5F-B6A3-4BD7-872D-26175D69F0B0}"
EndProject
Project("{FAE04EC0-301F-11D3-BF4B-00C04F79EFBC}") = "Neutron.Infrastructure", "src\Neutron.Infrastructure\Neutron.Infrastructure.csproj", "{CCB5F65A-8624-47F1-873C-DDE27692AB7C}"
EndProject
Global
	GlobalSection(SolutionConfigurationPlatforms) = preSolution
		Debug|Any CPU = Debug|Any CPU
		Debug|x64 = Debug|x64
		Debug|x86 = Debug|x86
		Release|Any CPU = Release|Any CPU
		Release|x64 = Release|x64
		Release|x86 = Release|x86
	EndGlobalSection
	GlobalSection(ProjectConfigurationPlatforms) = postSolution
		{1C397640-3598-4AC3-B3F7-41CD7C2C0E13}.Debug|Any CPU.ActiveCfg = Debug|Any CPU
		{1C397640-3598-4AC3-B3F7-41CD7C2C0E13}.Debug|Any CPU.Build.0 = Debug|Any CPU
		{1C397640-3598-4AC3-B3F7-41CD7C2C0E13}.Debug|x64.ActiveCfg = Debug|Any CPU
		{1C397640-3598-4AC3-B3F7-41CD7C2C0E13}.Debug|x64.Build.0 = Debug|Any CPU
		{1C397640-3598-4AC3-B3F7-41CD7C2C0E13}.Debug|x86.ActiveCfg = Debug|Any CPU
		{1C397640-3598-4AC3-B3F7-41CD7C2C0E13}.Debug|x86.Build.0 = Debug|Any CPU
		{1C397640-3598-4AC3-B3F7-41CD7C2C0E13}.Release|Any CPU.ActiveCfg = Release|Any CPU
		{1C397640-3598-4AC3-B3F7-41CD7C2C0E13}.Release|Any CPU.Build.0 = Release|Any CPU
		{1C397640-3598-4AC3-B3F7-41CD7C2C0E13}.Release|x64.ActiveCfg = Release|Any CPU
		{1C397640-3598-4AC3-B3F7-41CD7C2C0E13}.Release|x64.Build.0 = Release|Any CPU
		{1C397640-3598-4AC3-B3F7-41CD7C2C0E13}.Release|x86.ActiveCfg = Release|Any CPU
		{1C397640-3598-4AC3-B3F7-41CD7C2C0E13}.Release|x86.Build.0 = Release|Any CPU
		{72EF396E-C702-4A2B-B6AD-AC2A4FD0ABCF}.Debug|Any CPU.ActiveCfg = Debug|Any CPU
		{72EF396E-C702-4A2B-B6AD-AC2A4FD0ABCF}.Debug|Any CPU.Build.0 = Debug|Any CPU
		{72EF396E-C702-4A2B-B6AD-AC2A4FD0ABCF}.Debug|x64.ActiveCfg = Debug|Any CPU
		{72EF396E-C702-4A2B-B6AD-AC2A4FD0ABCF}.Debug|x64.Build.0 = Debug|Any CPU
		{72EF396E-C702-4A2B-B6AD-AC2A4FD0ABCF}.Debug|x86.ActiveCfg = Debug|Any CPU
		{72EF396E-C702-4A2B-B6AD-AC2A4FD0ABCF}.Debug|x86.Build.0 = Debug|Any CPU
		{72EF396E-C702-4A2B-B6AD-AC2A4FD0ABCF}.Release|Any CPU.ActiveCfg = Release|Any CPU
		{72EF396E-C702-4A2B-B6AD-AC2A4FD0ABCF}.Release|Any CPU.Build.0 = Release|Any CPU
		{72EF396E-C702-4A2B-B6AD-AC2A4FD0ABCF}.Release|x64.ActiveCfg = Release|Any CPU
		{72EF396E-C702-4A2B-B6AD-AC2A4FD0ABCF}.Release|x64.Build.0 = Release|Any CPU
		{72EF396E-C702-4A2B-B6AD-AC2A4FD0ABCF}.Release|x86.ActiveCfg = Release|Any CPU
		{72EF396E-C702-4A2B-B6AD-AC2A4FD0ABCF}.Release|x86.Build.0 = Release|Any CPU
		{E0561A82-31FB-4D6F-9708-FFBF05E5BA5B}.Debug|Any CPU.ActiveCfg = Debug|Any CPU
		{E0561A82-31FB-4D6F-9708-FFBF05E5BA5B}.Debug|Any CPU.Build.0 = Debug|Any CPU
		{E0561A82-31FB-4D6F-9708-FFBF05E5BA5B}.Debug|x64.ActiveCfg = Debug|Any CPU
		{E0561A82-31FB-4D6F-9708-FFBF05E5BA5B}.Debug|x64.Build.0 = Debug|Any CPU
		{E0561A82-31FB-4D6F-9708-FFBF05E5BA5B}.Debug|x86.ActiveCfg = Debug|Any CPU
		{E0561A82-31FB-4D6F-9708-FFBF05E5BA5B}.Debug|x86.Build.0 = Debug|Any CPU
		{E0561A82-31FB-4D6F-9708-FFBF05E5BA5B}.Release|Any CPU.ActiveCfg = Release|Any CPU
		{E0561A82-31FB-4D6F-9708-FFBF05E5BA5B}.Release|Any CPU.Build.0 = Release|Any CPU
		{E0561A82-31FB-4D6F-9708-FFBF05E5BA5B}.Release|x64.ActiveCfg = Release|Any CPU
		{E0561A82-31FB-4D6F-9708-FFBF05E5BA5B}.Release|x64.Build.0 = Release|Any CPU
		{E0561A82-31FB-4D6F-9708-FFBF05E5BA5B}.Release|x86.ActiveCfg = Release|Any CPU
		{E0561A82-31FB-4D6F-9708-FFBF05E5BA5B}.Release|x86.Build.0 = Release|Any CPU
		{A493BB5F-B6A3-4BD7-872D-26175D69F0B0}.Debug|Any CPU.ActiveCfg = Debug|Any CPU
		{A493BB5F-B6A3-4BD7-872D-26175D69F0B0}.Debug|Any CPU.Build.0 = Debug|Any CPU
		{A493BB5F-B6A3-4BD7-872D-26175D69F0B0}.Debug|x64.ActiveCfg = Debug|Any CPU
		{A493BB5F-B6A3-4BD7-872D-26175D69F0B0}.Debug|x64.Build.0 = Debug|Any CPU
		{A493BB5F-B6A3-4BD7-872D-26175D69F0B0}.Debug|x86.ActiveCfg = Debug|Any CPU
		{A493BB5F-B6A3-4BD7-872D-26175D69F0B0}.Debug|x86.Build.0 = Debug|Any CPU
		{A493BB5F-B6A3-4BD7-872D-26175D69F0B0}.Release|Any CPU.ActiveCfg = Release|Any CPU
		{A493BB5F-B6A3-4BD7-872D-26175D69F0B0}.Release|Any CPU.Build.0 = Release|Any CPU
		{A493BB5F-B6A3-4BD7-872D-26175D69F0B0}.Release|x64.ActiveCfg = Release|Any CPU
		{A493BB5F-B6A3-4BD7-872D-26175D69F0B0}.Release|x64.Build.0 = Release|Any CPU
		{A493BB5F-B6A3-4BD7-872D-26175D69F0B0}.Release|x86.ActiveCfg = Release|Any CPU
		{A493BB5F-B6A3-4BD7-872D-26175D69F0B0}.Release|x86.Build.0 = Release|Any CPU
		{CCB5F65A-8624-47F1-873C-DDE27692AB7C}.Debug|Any CPU.ActiveCfg = Debug|Any CPU
		{CCB5F65A-8624-47F1-873C-DDE27692AB7C}.Debug|Any CPU.Build.0 = Debug|Any CPU
		{CCB5F65A-8624-47F1-873C-DDE27692AB7C}.Debug|x64.ActiveCfg = Debug|Any CPU
		{CCB5F65A-8624-47F1-873C-DDE27692AB7C}.Debug|x64.Build.0 = Debug|Any CPU
		{CCB5F65A-8624-47F1-873C-DDE27692AB7C}.Debug|x86.ActiveCfg = Debug|Any CPU
		{CCB5F65A-8624-47F1-873C-DDE27692AB7C}.Debug|x86.Build.0 = Debug|Any CPU
		{CCB5F65A-8624-47F1-873C-DDE27692AB7C}.Release|Any CPU.ActiveCfg = Release|Any CPU
		{CCB5F65A-8624-47F1-873C-DDE27692AB7C}.Release|Any CPU.Build.0 = Release|Any CPU
		{CCB5F65A-8624-47F1-873C-DDE27692AB7C}.Release|x64.ActiveCfg = Release|Any CPU
		{CCB5F65A-8624-47F1-873C-DDE27692AB7C}.Release|x64.Build.0 = Release|Any CPU
		{CCB5F65A-8624-47F1-873C-DDE27692AB7C}.Release|x86.ActiveCfg = Release|Any CPU
		{CCB5F65A-8624-47F1-873C-DDE27692AB7C}.Release|x86.Build.0 = Release|Any CPU
	EndGlobalSection
	GlobalSection(SolutionProperties) = preSolution
		HideSolutionNode = FALSE
	EndGlobalSection
	GlobalSection(NestedProjects) = preSolution
		{1C397640-3598-4AC3-B3F7-41CD7C2C0E13} = {43F0E48D-F53C-4289-921F-53739FFAA9E6}
		{72EF396E-C702-4A2B-B6AD-AC2A4FD0ABCF} = {43F0E48D-F53C-4289-921F-53739FFAA9E6}
		{E0561A82-31FB-4D6F-9708-FFBF05E5BA5B} = {43F0E48D-F53C-4289-921F-53739FFAA9E6}
		{A493BB5F-B6A3-4BD7-872D-26175D69F0B0} = {9C24A965-3DFD-45D7-B6A8-4FB4795F93F3}
		{CCB5F65A-8624-47F1-873C-DDE27692AB7C} = {43F0E48D-F53C-4289-921F-53739FFAA9E6}
	EndGlobalSection
	GlobalSection(ExtensibilityGlobals) = postSolution
		SolutionGuid = {4BA3AC26-3A81-4ADF-AFBD-B139A8F7E503}
	EndGlobalSection
EndGlobal
